// !$*UTF8*$!
{
	archiveVersion = 1;
	classes = {
	};
	objectVersion = 46;
	objects = {

/* Begin PBXBuildFile section */
		585F2EFB1A8519DF0068BC02 /* main.m in Sources */ = {isa = PBXBuildFile; fileRef = 585F2EFA1A8519DF0068BC02 /* main.m */; };
		585F2EFE1A8519DF0068BC02 /* AppDelegate.m in Sources */ = {isa = PBXBuildFile; fileRef = 585F2EFD1A8519DF0068BC02 /* AppDelegate.m */; };
		585F2F061A8519DF0068BC02 /* Images.xcassets in Resources */ = {isa = PBXBuildFile; fileRef = 585F2F051A8519DF0068BC02 /* Images.xcassets */; };
		585F2F091A8519DF0068BC02 /* LaunchScreen.xib in Resources */ = {isa = PBXBuildFile; fileRef = 585F2F071A8519DF0068BC02 /* LaunchScreen.xib */; };
		585F2F151A8519DF0068BC02 /* exampleTests.m in Sources */ = {isa = PBXBuildFile; fileRef = 585F2F141A8519DF0068BC02 /* exampleTests.m */; };
		585F2F251A851A230068BC02 /* IceTopBarItem.m in Sources */ = {isa = PBXBuildFile; fileRef = 585F2F201A851A230068BC02 /* IceTopBarItem.m */; };
		585F2F261A851A230068BC02 /* IceTopTabBar.m in Sources */ = {isa = PBXBuildFile; fileRef = 585F2F221A851A230068BC02 /* IceTopTabBar.m */; };
		585F2F271A851A230068BC02 /* IceTopTabBarController.m in Sources */ = {isa = PBXBuildFile; fileRef = 585F2F241A851A230068BC02 /* IceTopTabBarController.m */; };
/* End PBXBuildFile section */

/* Begin PBXContainerItemProxy section */
		585F2F0F1A8519DF0068BC02 /* PBXContainerItemProxy */ = {
			isa = PBXContainerItemProxy;
			containerPortal = 585F2EED1A8519DF0068BC02 /* Project object */;
			proxyType = 1;
			remoteGlobalIDString = 585F2EF41A8519DF0068BC02;
			remoteInfo = example;
		};
/* End PBXContainerItemProxy section */

/* Begin PBXFileReference section */
		585F2EF51A8519DF0068BC02 /* example.app */ = {isa = PBXFileReference; explicitFileType = wrapper.application; includeInIndex = 0; path = example.app; sourceTree = BUILT_PRODUCTS_DIR; };
		585F2EF91A8519DF0068BC02 /* Info.plist */ = {isa = PBXFileReference; lastKnownFileType = text.plist.xml; path = Info.plist; sourceTree = "<group>"; };
		585F2EFA1A8519DF0068BC02 /* main.m */ = {isa = PBXFileReference; lastKnownFileType = sourcecode.c.objc; path = main.m; sourceTree = "<group>"; };
		585F2EFC1A8519DF0068BC02 /* AppDelegate.h */ = {isa = PBXFileReference; lastKnownFileType = sourcecode.c.h; path = AppDelegate.h; sourceTree = "<group>"; };
		585F2EFD1A8519DF0068BC02 /* AppDelegate.m */ = {isa = PBXFileReference; lastKnownFileType = sourcecode.c.objc; path = AppDelegate.m; sourceTree = "<group>"; };
		585F2F051A8519DF0068BC02 /* Images.xcassets */ = {isa = PBXFileReference; lastKnownFileType = folder.assetcatalog; path = Images.xcassets; sourceTree = "<group>"; };
		585F2F081A8519DF0068BC02 /* Base */ = {isa = PBXFileReference; lastKnownFileType = file.xib; name = Base; path = Base.lproj/LaunchScreen.xib; sourceTree = "<group>"; };
		585F2F0E1A8519DF0068BC02 /* exampleTests.xctest */ = {isa = PBXFileReference; explicitFileType = wrapper.cfbundle; includeInIndex = 0; path = exampleTests.xctest; sourceTree = BUILT_PRODUCTS_DIR; };
		585F2F131A8519DF0068BC02 /* Info.plist */ = {isa = PBXFileReference; lastKnownFileType = text.plist.xml; path = Info.plist; sourceTree = "<group>"; };
		585F2F141A8519DF0068BC02 /* exampleTests.m */ = {isa = PBXFileReference; lastKnownFileType = sourcecode.c.objc; path = exampleTests.m; sourceTree = "<group>"; };
		585F2F1F1A851A230068BC02 /* IceTopBarItem.h */ = {isa = PBXFileReference; fileEncoding = 4; lastKnownFileType = sourcecode.c.h; path = IceTopBarItem.h; sourceTree = "<group>"; };
		585F2F201A851A230068BC02 /* IceTopBarItem.m */ = {isa = PBXFileReference; fileEncoding = 4; lastKnownFileType = sourcecode.c.objc; path = IceTopBarItem.m; sourceTree = "<group>"; };
		585F2F211A851A230068BC02 /* IceTopTabBar.h */ = {isa = PBXFileReference; fileEncoding = 4; lastKnownFileType = sourcecode.c.h; path = IceTopTabBar.h; sourceTree = "<group>"; };
		585F2F221A851A230068BC02 /* IceTopTabBar.m */ = {isa = PBXFileReference; fileEncoding = 4; lastKnownFileType = sourcecode.c.objc; path = IceTopTabBar.m; sourceTree = "<group>"; };
		585F2F231A851A230068BC02 /* IceTopTabBarController.h */ = {isa = PBXFileReference; fileEncoding = 4; lastKnownFileType = sourcecode.c.h; path = IceTopTabBarController.h; sourceTree = "<group>"; };
		585F2F241A851A230068BC02 /* IceTopTabBarController.m */ = {isa = PBXFileReference; fileEncoding = 4; lastKnownFileType = sourcecode.c.objc; path = IceTopTabBarController.m; sourceTree = "<group>"; };
/* End PBXFileReference section */

/* Begin PBXFrameworksBuildPhase section */
		585F2EF21A8519DF0068BC02 /* Frameworks */ = {
			isa = PBXFrameworksBuildPhase;
			buildActionMask = 2147483647;
			files = (
			);
			runOnlyForDeploymentPostprocessing = 0;
		};
		585F2F0B1A8519DF0068BC02 /* Frameworks */ = {
			isa = PBXFrameworksBuildPhase;
			buildActionMask = 2147483647;
			files = (
			);
			runOnlyForDeploymentPostprocessing = 0;
		};
/* End PBXFrameworksBuildPhase section */

/* Begin PBXGroup section */
		585F2EEC1A8519DF0068BC02 = {
			isa = PBXGroup;
			children = (
				585F2EF71A8519DF0068BC02 /* example */,
				585F2F111A8519DF0068BC02 /* exampleTests */,
				585F2EF61A8519DF0068BC02 /* Products */,
			);
			sourceTree = "<group>";
		};
		585F2EF61A8519DF0068BC02 /* Products */ = {
			isa = PBXGroup;
			children = (
				585F2EF51A8519DF0068BC02 /* example.app */,
				585F2F0E1A8519DF0068BC02 /* exampleTests.xctest */,
			);
			name = Products;
			sourceTree = "<group>";
		};
		585F2EF71A8519DF0068BC02 /* example */ = {
			isa = PBXGroup;
			children = (
				585F2F1E1A851A230068BC02 /* IceTopTabBarController */,
				585F2EFC1A8519DF0068BC02 /* AppDelegate.h */,
				585F2EFD1A8519DF0068BC02 /* AppDelegate.m */,
				585F2F051A8519DF0068BC02 /* Images.xcassets */,
				585F2F071A8519DF0068BC02 /* LaunchScreen.xib */,
				585F2EF81A8519DF0068BC02 /* Supporting Files */,
			);
			path = example;
			sourceTree = "<group>";
		};
		585F2EF81A8519DF0068BC02 /* Supporting Files */ = {
			isa = PBXGroup;
			children = (
				585F2EF91A8519DF0068BC02 /* Info.plist */,
				585F2EFA1A8519DF0068BC02 /* main.m */,
			);
			name = "Supporting Files";
			sourceTree = "<group>";
		};
		585F2F111A8519DF0068BC02 /* exampleTests */ = {
			isa = PBXGroup;
			children = (
				585F2F141A8519DF0068BC02 /* exampleTests.m */,
				585F2F121A8519DF0068BC02 /* Supporting Files */,
			);
			path = exampleTests;
			sourceTree = "<group>";
		};
		585F2F121A8519DF0068BC02 /* Supporting Files */ = {
			isa = PBXGroup;
			children = (
				585F2F131A8519DF0068BC02 /* Info.plist */,
			);
			name = "Supporting Files";
			sourceTree = "<group>";
		};
		585F2F1E1A851A230068BC02 /* IceTopTabBarController */ = {
			isa = PBXGroup;
			children = (
				585F2F1F1A851A230068BC02 /* IceTopBarItem.h */,
				585F2F201A851A230068BC02 /* IceTopBarItem.m */,
				585F2F211A851A230068BC02 /* IceTopTabBar.h */,
				585F2F221A851A230068BC02 /* IceTopTabBar.m */,
				585F2F231A851A230068BC02 /* IceTopTabBarController.h */,
				585F2F241A851A230068BC02 /* IceTopTabBarController.m */,
			);
			path = IceTopTabBarController;
			sourceTree = SOURCE_ROOT;
		};
/* End PBXGroup section */

/* Begin PBXNativeTarget section */
		585F2EF41A8519DF0068BC02 /* example */ = {
			isa = PBXNativeTarget;
			buildConfigurationList = 585F2F181A8519DF0068BC02 /* Build configuration list for PBXNativeTarget "example" */;
			buildPhases = (
				585F2EF11A8519DF0068BC02 /* Sources */,
				585F2EF21A8519DF0068BC02 /* Frameworks */,
				585F2EF31A8519DF0068BC02 /* Resources */,
			);
			buildRules = (
			);
			dependencies = (
			);
			name = example;
			productName = example;
			productReference = 585F2EF51A8519DF0068BC02 /* example.app */;
			productType = "com.apple.product-type.application";
		};
		585F2F0D1A8519DF0068BC02 /* exampleTests */ = {
			isa = PBXNativeTarget;
			buildConfigurationList = 585F2F1B1A8519DF0068BC02 /* Build configuration list for PBXNativeTarget "exampleTests" */;
			buildPhases = (
				585F2F0A1A8519DF0068BC02 /* Sources */,
				585F2F0B1A8519DF0068BC02 /* Frameworks */,
				585F2F0C1A8519DF0068BC02 /* Resources */,
			);
			buildRules = (
			);
			dependencies = (
				585F2F101A8519DF0068BC02 /* PBXTargetDependency */,
			);
			name = exampleTests;
			productName = exampleTests;
			productReference = 585F2F0E1A8519DF0068BC02 /* exampleTests.xctest */;
			productType = "com.apple.product-type.bundle.unit-test";
		};
/* End PBXNativeTarget section */

/* Begin PBXProject section */
		585F2EED1A8519DF0068BC02 /* Project object */ = {
			isa = PBXProject;
			attributes = {
				LastUpgradeCheck = 0610;
				ORGANIZATIONNAME = ice;
				TargetAttributes = {
					585F2EF41A8519DF0068BC02 = {
						CreatedOnToolsVersion = 6.1.1;
					};
					585F2F0D1A8519DF0068BC02 = {
						CreatedOnToolsVersion = 6.1.1;
						TestTargetID = 585F2EF41A8519DF0068BC02;
					};
				};
			};
			buildConfigurationList = 585F2EF01A8519DF0068BC02 /* Build configuration list for PBXProject "example" */;
			compatibilityVersion = "Xcode 3.2";
			developmentRegion = English;
			hasScannedForEncodings = 0;
			knownRegions = (
				en,
				Base,
			);
			mainGroup = 585F2EEC1A8519DF0068BC02;
			productRefGroup = 585F2EF61A8519DF0068BC02 /* Products */;
			projectDirPath = "";
			projectRoot = "";
			targets = (
				585F2EF41A8519DF0068BC02 /* example */,
				585F2F0D1A8519DF0068BC02 /* exampleTests */,
			);
		};
/* End PBXProject section */

/* Begin PBXResourcesBuildPhase section */
		585F2EF31A8519DF0068BC02 /* Resources */ = {
			isa = PBXResourcesBuildPhase;
			buildActionMask = 2147483647;
			files = (
				585F2F091A8519DF0068BC02 /* LaunchScreen.xib in Resources */,
				585F2F061A8519DF0068BC02 /* Images.xcassets in Resources */,
			);
			runOnlyForDeploymentPostprocessing = 0;
		};
		585F2F0C1A8519DF0068BC02 /* Resources */ = {
			isa = PBXResourcesBuildPhase;
			buildActionMask = 2147483647;
			files = (
			);
			runOnlyForDeploymentPostprocessing = 0;
		};
/* End PBXResourcesBuildPhase section */

/* Begin PBXSourcesBuildPhase section */
		585F2EF11A8519DF0068BC02 /* Sources */ = {
			isa = PBXSourcesBuildPhase;
			buildActionMask = 2147483647;
			files = (
				585F2EFE1A8519DF0068BC02 /* AppDelegate.m in Sources */,
				585F2F261A851A230068BC02 /* IceTopTabBar.m in Sources */,
				585F2F271A851A230068BC02 /* IceTopTabBarController.m in Sources */,
				585F2F251A851A230068BC02 /* IceTopBarItem.m in Sources */,
				585F2EFB1A8519DF0068BC02 /* main.m in Sources */,
			);
			runOnlyForDeploymentPostprocessing = 0;
		};
		585F2F0A1A8519DF0068BC02 /* Sources */ = {
			isa = PBXSourcesBuildPhase;
			buildActionMask = 2147483647;
			files = (
				585F2F151A8519DF0068BC02 /* exampleTests.m in Sources */,
			);
			runOnlyForDeploymentPostprocessing = 0;
		};
/* End PBXSourcesBuildPhase section */

/* Begin PBXTargetDependency section */
		585F2F101A8519DF0068BC02 /* PBXTargetDependency */ = {
			isa = PBXTargetDependency;
			target = 585F2EF41A8519DF0068BC02 /* example */;
			targetProxy = 585F2F0F1A8519DF0068BC02 /* PBXContainerItemProxy */;
		};
/* End PBXTargetDependency section */

/* Begin PBXVariantGroup section */
		585F2F071A8519DF0068BC02 /* LaunchScreen.xib */ = {
			isa = PBXVariantGroup;
			children = (
				585F2F081A8519DF0068BC02 /* Base */,
			);
			name = LaunchScreen.xib;
			sourceTree = "<group>";
		};
/* End PBXVariantGroup section */

/* Begin XCBuildConfiguration section */
		585F2F161A8519DF0068BC02 /* Debug */ = {
			isa = XCBuildConfiguration;
			buildSettings = {
				ALWAYS_SEARCH_USER_PATHS = NO;
				CLANG_CXX_LANGUAGE_STANDARD = "gnu++0x";
				CLANG_CXX_LIBRARY = "libc++";
				CLANG_ENABLE_MODULES = YES;
				CLANG_ENABLE_OBJC_ARC = YES;
				CLANG_WARN_BOOL_CONVERSION = YES;
				CLANG_WARN_CONSTANT_CONVERSION = YES;
				CLANG_WARN_DIRECT_OBJC_ISA_USAGE = YES_ERROR;
				CLANG_WARN_EMPTY_BODY = YES;
				CLANG_WARN_ENUM_CONVERSION = YES;
				CLANG_WARN_INT_CONVERSION = YES;
				CLANG_WARN_OBJC_ROOT_CLASS = YES_ERROR;
				CLANG_WARN_UNREACHABLE_CODE = YES;
				CLANG_WARN__DUPLICATE_METHOD_MATCH = YES;
				"CODE_SIGN_IDENTITY[sdk=iphoneos*]" = "iPhone Developer";
				COPY_PHASE_STRIP = NO;
				ENABLE_STRICT_OBJC_MSGSEND = YES;
				GCC_C_LANGUAGE_STANDARD = gnu99;
				GCC_DYNAMIC_NO_PIC = NO;
				GCC_OPTIMIZATION_LEVEL = 0;
				GCC_PREPROCESSOR_DEFINITIONS = (
					"DEBUG=1",
					"$(inherited)",
				);
				GCC_SYMBOLS_PRIVATE_EXTERN = NO;
				GCC_WARN_64_TO_32_BIT_CONVERSION = YES;
				GCC_WARN_ABOUT_RETURN_TYPE = YES_ERROR;
				GCC_WARN_UNDECLARED_SELECTOR = YES;
				GCC_WARN_UNINITIALIZED_AUTOS = YES_AGGRESSIVE;
				GCC_WARN_UNUSED_FUNCTION = YES;
				GCC_WARN_UNUSED_VARIABLE = YES;
				IPHONEOS_DEPLOYMENT_TARGET = 8.1;
				MTL_ENABLE_DEBUG_INFO = YES;
				ONLY_ACTIVE_ARCH = YES;
				SDKROOT = iphoneos;
				TARGETED_DEVICE_FAMILY = "1,2";
			};
			name = Debug;
		};
		585F2F171A8519DF0068BC02 /* Release */ = {
			isa = XCBuildConfiguration;
			buildSettings = {
				ALWAYS_SEARCH_USER_PATHS = NO;
				CLANG_CXX_LANGUAGE_STANDARD = "gnu++0x";
				CLANG_CXX_LIBRARY = "libc++";
				CLANG_ENABLE_MODULES = YES;
				CLANG_ENABLE_OBJC_ARC = YES;
				CLANG_WARN_BOOL_CONVERSION = YES;
				CLANG_WARN_CONSTANT_CONVERSION = YES;
				CLANG_WARN_DIRECT_OBJC_ISA_USAGE = YES_ERROR;
				CLANG_WARN_EMPTY_BODY = YES;
				CLANG_WARN_ENUM_CONVERSION = YES;
				CLANG_WARN_INT_CONVERSION = YES;
				CLANG_WARN_OBJC_ROOT_CLASS = YES_ERROR;
				CLANG_WARN_UNREACHABLE_CODE = YES;
				CLANG_WARN__DUPLICATE_METHOD_MATCH = YES;
				"CODE_SIGN_IDENTITY[sdk=iphoneos*]" = "iPhone Developer";
				COPY_PHASE_STRIP = YES;
				ENABLE_NS_ASSERTIONS = NO;
				ENABLE_STRICT_OBJC_MSGSEND = YES;
				GCC_C_LANGUAGE_STANDARD = gnu99;
				GCC_WARN_64_TO_32_BIT_CONVERSION = YES;
				GCC_WARN_ABOUT_RETURN_TYPE = YES_ERROR;
				GCC_WARN_UNDECLARED_SELECTOR = YES;
				GCC_WARN_UNINITIALIZED_AUTOS = YES_AGGRESSIVE;
				GCC_WARN_UNUSED_FUNCTION = YES;
				GCC_WARN_UNUSED_VARIABLE = YES;
				IPHONEOS_DEPLOYMENT_TARGET = 8.1;
				MTL_ENABLE_DEBUG_INFO = NO;
				SDKROOT = iphoneos;
				TARGETED_DEVICE_FAMILY = "1,2";
				VALIDATE_PRODUCT = YES;
			};
			name = Release;
		};
		585F2F191A8519DF0068BC02 /* Debug */ = {
			isa = XCBuildConfiguration;
			buildSettings = {
				ASSETCATALOG_COMPILER_APPICON_NAME = AppIcon;
				INFOPLIST_FILE = example/Info.plist;
				LD_RUNPATH_SEARCH_PATHS = "$(inherited) @executable_path/Frameworks";
				PRODUCT_NAME = "$(TARGET_NAME)";
			};
			name = Debug;
		};
		585F2F1A1A8519DF0068BC02 /* Release */ = {
			isa = XCBuildConfiguration;
			buildSettings = {
				ASSETCATALOG_COMPILER_APPICON_NAME = AppIcon;
				INFOPLIST_FILE = example/Info.plist;
				LD_RUNPATH_SEARCH_PATHS = "$(inherited) @executable_path/Frameworks";
				PRODUCT_NAME = "$(TARGET_NAME)";
			};
			name = Release;
		};
		585F2F1C1A8519DF0068BC02 /* Debug */ = {
			isa = XCBuildConfiguration;
			buildSettings = {
				BUNDLE_LOADER = "$(TEST_HOST)";
				FRAMEWORK_SEARCH_PATHS = (
					"$(SDKROOT)/Developer/Library/Frameworks",
					"$(inherited)",
				);
				GCC_PREPROCESSOR_DEFINITIONS = (
					"DEBUG=1",
					"$(inherited)",
				);
				INFOPLIST_FILE = exampleTests/Info.plist;
				LD_RUNPATH_SEARCH_PATHS = "$(inherited) @executable_path/Frameworks @loader_path/Frameworks";
				PRODUCT_NAME = "$(TARGET_NAME)";
				TEST_HOST = "$(BUILT_PRODUCTS_DIR)/example.app/example";
			};
			name = Debug;
		};
		585F2F1D1A8519DF0068BC02 /* Release */ = {
			isa = XCBuildConfiguration;
			buildSettings = {
				BUNDLE_LOADER = "$(TEST_HOST)";
				FRAMEWORK_SEARCH_PATHS = (
					"$(SDKROOT)/Developer/Library/Frameworks",
					"$(inherited)",
				);
				INFOPLIST_FILE = exampleTests/Info.plist;
				LD_RUNPATH_SEARCH_PATHS = "$(inherited) @executable_path/Frameworks @loader_path/Frameworks";
				PRODUCT_NAME = "$(TARGET_NAME)";
				TEST_HOST = "$(BUILT_PRODUCTS_DIR)/example.app/example";
			};
			name = Release;
		};
/* End XCBuildConfiguration section */

/* Begin XCConfigurationList section */
		585F2EF01A8519DF0068BC02 /* Build configuration list for PBXProject "example" */ = {
			isa = XCConfigurationList;
			buildConfigurations = (
				585F2F161A8519DF0068BC02 /* Debug */,
				585F2F171A8519DF0068BC02 /* Release */,
			);
			defaultConfigurationIsVisible = 0;
			defaultConfigurationName = Release;
		};
		585F2F181A8519DF0068BC02 /* Build configuration list for PBXNativeTarget "example" */ = {
			isa = XCConfigurationList;
			buildConfigurations = (
				585F2F191A8519DF0068BC02 /* Debug */,
				585F2F1A1A8519DF0068BC02 /* Release */,
			);
			defaultConfigurationIsVisible = 0;
		};
		585F2F1B1A8519DF0068BC02 /* Build configuration list for PBXNativeTarget "exampleTests" */ = {
			isa = XCConfigurationList;
			buildConfigurations = (
				585F2F1C1A8519DF0068BC02 /* Debug */,
				585F2F1D1A8519DF0068BC02 /* Release */,
			);
			defaultConfigurationIsVisible = 0;
		};
/* End XCConfigurationList section */
	};
	rootObject = 585F2EED1A8519DF0068BC02 /* Project object */;
}
